{
  "nodes": {
    "nixpkgs_19_09": {
      "flake": false,
      "locked": {
        "lastModified": 1651478084,
        "narHash": "sha256-D7cdxq0k9dYeM/IJEF2UqaDgC0dYqHd3DEvWMN3h054=",
        "owner": "NixOS",
        "repo": "nixpkgs",
        "rev": "b704c6f06699510f6bf7eb6e3c8f19ee1b70af4e",
        "type": "github"
      },
      "original": {
        "id": "nixpkgs",
        "ref": "release-19.09",
        "type": "indirect"
      }
    },
    "nixpkgs_stable": {
      "locked": {
        "lastModified": 1762511465,
        "narHash": "sha256-9U/5vEE3NPJNTkSmQ6hKI8iOcwTDDAP3ChBwEohAdHg=",
        "owner": "NixOS",
        "repo": "nixpkgs",
        "rev": "8660acf86a1f5a14dacf049f9a5b8aff143e9111",
        "type": "github"
      },
      "original": {
        "id": "nixpkgs",
        "ref": "release-25.05",
        "type": "indirect"
      }
    },
    "root": {
      "inputs": {
        "nixpkgs_19_09": "nixpkgs_19_09",
        "nixpkgs_stable": "nixpkgs_stable"
      }
    }
  },
  "root": "root",
  "version": 7
}
